<?xml version="1.0" encoding="utf-8"?>
<Project ToolsVersion="17.0" xmlns="http://schemas.microsoft.com/developer/msbuild/2003">
  <ItemGroup>
    <ClCompile Include="D:\test h3\New folder\PPUViewer_autogen\mocs_compilation_Debug.cpp">
      <Filter>Source Files</Filter>
    </ClCompile>
    <ClCompile Include="D:\test h3\PPUViewer2024-addZoomAndRotationAboutY\main.cpp">
      <Filter>Source Files</Filter>
    </ClCompile>
    <ClCompile Include="D:\test h3\PPUViewer2024-addZoomAndRotationAboutY\PPUViewer.cpp">
      <Filter>Source Files</Filter>
    </ClCompile>
    <ClCompile Include="D:\test h3\PPUViewer2024-addZoomAndRotationAboutY\RenderWidget.cpp">
      <Filter>Source Files</Filter>
    </ClCompile>
    <ClCompile Include="D:\test h3\New folder\PPUViewer_autogen\mocs_compilation_Release.cpp">
      <Filter>Source Files</Filter>
    </ClCompile>
    <ClCompile Include="D:\test h3\New folder\PPUViewer_autogen\mocs_compilation_MinSizeRel.cpp">
      <Filter>Source Files</Filter>
    </ClCompile>
    <ClCompile Include="D:\test h3\New folder\PPUViewer_autogen\mocs_compilation_RelWithDebInfo.cpp">
      <Filter>Source Files</Filter>
    </ClCompile>
  </ItemGroup>
  <ItemGroup>
    <ClInclude Include="D:\test h3\PPUViewer2024-addZoomAndRotationAboutY\PPUViewer.h">
      <Filter>Header Files</Filter>
    </ClInclude>
    <ClInclude Include="D:\test h3\PPUViewer2024-addZoomAndRotationAboutY\RenderWidget.h">
      <Filter>Header Files</Filter>
    </ClInclude>
  </ItemGroup>
  <ItemGroup>
    <CustomBuild Include="D:\test h3\PPUViewer2024-addZoomAndRotationAboutY\CMakeLists.txt" />
  </ItemGroup>
  <ItemGroup>
    <Filter Include="Header Files">
      <UniqueIdentifier>{2344B2BF-395F-3832-BF9C-BB7B90FB9555}</UniqueIdentifier>
    </Filter>
    <Filter Include="Source Files">
      <UniqueIdentifier>{66055F7A-237F-3DA0-A0C5-5EC15C56AEB2}</UniqueIdentifier>
    </Filter>
  </ItemGroup>
</Project>
